
Microsoft Visual Studio Solution File, Format Version 12.00
# Visual Studio 2013
VisualStudioVersion = 12.0.21005.1
MinimumVisualStudioVersion = 10.0.40219.1
Project("{FAE04EC0-301F-11D3-BF4B-00C04F79EFBC}") = "Arkanoid", "Arkanoid\Arkanoid\Arkanoid.csproj", "{38F9622B-E7A2-4E2B-82D5-60AE57E2C445}"
EndProject
Project("{96E2B04D-8817-42C6-938A-82C39BA4D311}") = "ArkanoidContent", "Arkanoid\ArkanoidContent\ArkanoidContent.contentproj", "{874876E2-44A6-4696-8369-E02F925A16D5}"
EndProject
Global
	GlobalSection(SolutionConfigurationPlatforms) = preSolution
		Debug|x86 = Debug|x86
		Release|x86 = Release|x86
	EndGlobalSection
	GlobalSection(ProjectConfigurationPlatforms) = postSolution
		{38F9622B-E7A2-4E2B-82D5-60AE57E2C445}.Debug|x86.ActiveCfg = Debug|x86
		{38F9622B-E7A2-4E2B-82D5-60AE57E2C445}.Debug|x86.Build.0 = Debug|x86
		{38F9622B-E7A2-4E2B-82D5-60AE57E2C445}.Release|x86.ActiveCfg = Release|x86
		{38F9622B-E7A2-4E2B-82D5-60AE57E2C445}.Release|x86.Build.0 = Release|x86
		{874876E2-44A6-4696-8369-E02F925A16D5}.Debug|x86.ActiveCfg = Debug|x86
		{874876E2-44A6-4696-8369-E02F925A16D5}.Release|x86.ActiveCfg = Release|x86
	EndGlobalSection
	GlobalSection(SolutionProperties) = preSolution
		HideSolutionNode = FALSE
	EndGlobalSection
EndGlobal
